
Microsoft Visual Studio Solution File, Format Version 12.00
# Visual Studio Version 17
VisualStudioVersion = 17.9.34607.119
MinimumVisualStudioVersion = 10.0.40219.1
Project("{FAE04EC0-301F-11D3-BF4B-00C04F79EFBC}") = "Week2", "Week2\Week2.csproj", "{B4E4F2C0-6BCB-4C78-A2F4-845E4D796F1A}"
EndProject
Project("{FAE04EC0-301F-11D3-BF4B-00C04F79EFBC}") = "UserGenderValidation", "UserGenderValidation\UserGenderValidation.csproj", "{B34491F5-E24D-4931-9D65-EB93879C3F0D}"
EndProject
Project("{FAE04EC0-301F-11D3-BF4B-00C04F79EFBC}") = "UserAgeValidation", "UserAgeValidation\UserAgeValidation.csproj", "{B0D3AA93-A715-473D-9C42-BB68391C6F95}"
EndProject
Global
	GlobalSection(SolutionConfigurationPlatforms) = preSolution
		Debug|Any CPU = Debug|Any CPU
		Release|Any CPU = Release|Any CPU
	EndGlobalSection
	GlobalSection(ProjectConfigurationPlatforms) = postSolution
		{B4E4F2C0-6BCB-4C78-A2F4-845E4D796F1A}.Debug|Any CPU.ActiveCfg = Debug|Any CPU
		{B4E4F2C0-6BCB-4C78-A2F4-845E4D796F1A}.Debug|Any CPU.Build.0 = Debug|Any CPU
		{B4E4F2C0-6BCB-4C78-A2F4-845E4D796F1A}.Release|Any CPU.ActiveCfg = Release|Any CPU
		{B4E4F2C0-6BCB-4C78-A2F4-845E4D796F1A}.Release|Any CPU.Build.0 = Release|Any CPU
		{B34491F5-E24D-4931-9D65-EB93879C3F0D}.Debug|Any CPU.ActiveCfg = Debug|Any CPU
		{B34491F5-E24D-4931-9D65-EB93879C3F0D}.Debug|Any CPU.Build.0 = Debug|Any CPU
		{B34491F5-E24D-4931-9D65-EB93879C3F0D}.Release|Any CPU.ActiveCfg = Release|Any CPU
		{B34491F5-E24D-4931-9D65-EB93879C3F0D}.Release|Any CPU.Build.0 = Release|Any CPU
		{B0D3AA93-A715-473D-9C42-BB68391C6F95}.Debug|Any CPU.ActiveCfg = Debug|Any CPU
		{B0D3AA93-A715-473D-9C42-BB68391C6F95}.Debug|Any CPU.Build.0 = Debug|Any CPU
		{B0D3AA93-A715-473D-9C42-BB68391C6F95}.Release|Any CPU.ActiveCfg = Release|Any CPU
		{B0D3AA93-A715-473D-9C42-BB68391C6F95}.Release|Any CPU.Build.0 = Release|Any CPU
	EndGlobalSection
	GlobalSection(SolutionProperties) = preSolution
		HideSolutionNode = FALSE
	EndGlobalSection
	GlobalSection(ExtensibilityGlobals) = postSolution
		SolutionGuid = {329BC59A-A71C-47EE-BCEC-8A4D6D83B34E}
	EndGlobalSection
EndGlobal
